{
  "requires": true,
  "lockfileVersion": 1,
  "dependencies": {
    "dayjs": {
      "version": "1.8.25",
      "resolved": "https://registry.npm.taobao.org/dayjs/download/dayjs-1.8.25.tgz?cache=0&other_urls=https%3A%2F%2Fregistry.npm.taobao.org%2Fdayjs%2Fdownload%2Fdayjs-1.8.25.tgz",
      "integrity": "sha1-0JqGls7nGRvBKJ5zn5ZiY5G5xzw="
    }
  }
}
